
Microsoft Visual Studio Solution File, Format Version 12.00
# Visual Studio 14
VisualStudioVersion = 14.0.23107.0
MinimumVisualStudioVersion = 10.0.40219.1
Project("{2150E333-8FDC-42A3-9474-1A3956D46DE8}") = "Domain", "Domain", "{39A67637-7506-41E2-99DE-24C36E04B0AF}"
EndProject
Project("{2150E333-8FDC-42A3-9474-1A3956D46DE8}") = "Booking", "Booking", "{A894577B-C2E5-45EB-BBAA-2A27A4E598F9}"
EndProject
Project("{2150E333-8FDC-42A3-9474-1A3956D46DE8}") = "Trip", "Trip", "{F893EE63-C109-4365-843E-9BC806720EEB}"
EndProject
Project("{2150E333-8FDC-42A3-9474-1A3956D46DE8}") = "Cab", "Cab", "{7B5A1822-DE1D-4246-B81E-DDDA1213D670}"
EndProject
Project("{FAE04EC0-301F-11D3-BF4B-00C04F79EFBC}") = "Domain", "Domain\src\Domain.csproj", "{3FF46056-61F4-4CBF-8C7B-7D5995383912}"
EndProject
Project("{FAE04EC0-301F-11D3-BF4B-00C04F79EFBC}") = "Cab.Service.Tests", "Cab\test\Cab.Tests\Cab.Service.Tests.csproj", "{5CD8BCE1-8280-49C5-942A-528537E56294}"
EndProject
Project("{FAE04EC0-301F-11D3-BF4B-00C04F79EFBC}") = "Booking.Service", "Booking\src\Booking.Service\Booking.Service.csproj", "{60C5FF4E-0976-4A35-AE43-0E936318F92F}"
EndProject
Project("{FAE04EC0-301F-11D3-BF4B-00C04F79EFBC}") = "Booking.Service.Tests", "Booking\test\Booking.Service.Tests\Booking.Service.Tests.csproj", "{F11EED4C-B8EE-4E10-BEEA-E3B61011CD84}"
EndProject
Project("{FAE04EC0-301F-11D3-BF4B-00C04F79EFBC}") = "Trip.Service", "Trip\src\Trip.Service\Trip.Service.csproj", "{024C302A-B203-469D-8A63-89F367E27D66}"
EndProject
Project("{FAE04EC0-301F-11D3-BF4B-00C04F79EFBC}") = "Trip.Service.Tests", "Trip\test\Trip.Service.Tests\Trip.Service.Tests.csproj", "{E00AB2E5-2CE7-4B13-A51E-0F252F666545}"
EndProject
Project("{FAE04EC0-301F-11D3-BF4B-00C04F79EFBC}") = "Booking.API", "Booking\src\Booking.API\Booking.API.csproj", "{8115F9EC-ECFC-4A45-BFFE-66B9E92527DA}"
EndProject
Project("{FAE04EC0-301F-11D3-BF4B-00C04F79EFBC}") = "Trip.API", "Trip\src\Trip.API\Trip.API.csproj", "{396A5045-12A4-414A-A92C-82E0EF0453C1}"
EndProject
Project("{2150E333-8FDC-42A3-9474-1A3956D46DE8}") = "Hosting", "Hosting", "{B595D1D6-415C-4607-B07C-B1F805706615}"
EndProject
Project("{FAE04EC0-301F-11D3-BF4B-00C04F79EFBC}") = "APIHost", "APIHost\src\APIHost\APIHost.csproj", "{F8A5A9AD-F680-46F4-806F-653E7E51A030}"
EndProject
Project("{FAE04EC0-301F-11D3-BF4B-00C04F79EFBC}") = "Cab.API", "Cab\src\Cab.API\Cab.API.csproj", "{54BE9F00-9A2E-46A2-8EBB-46C8DB5E8A2E}"
EndProject
Project("{FAE04EC0-301F-11D3-BF4B-00C04F79EFBC}") = "Cab.Service", "Cab\src\Cab.Service\Cab.Service.csproj", "{186A010D-DAE6-482D-8C24-5652BBDCAC5D}"
EndProject
Global
	GlobalSection(SolutionConfigurationPlatforms) = preSolution
		Debug|Any CPU = Debug|Any CPU
		Release|Any CPU = Release|Any CPU
	EndGlobalSection
	GlobalSection(ProjectConfigurationPlatforms) = postSolution
		{3FF46056-61F4-4CBF-8C7B-7D5995383912}.Debug|Any CPU.ActiveCfg = Debug|Any CPU
		{3FF46056-61F4-4CBF-8C7B-7D5995383912}.Debug|Any CPU.Build.0 = Debug|Any CPU
		{3FF46056-61F4-4CBF-8C7B-7D5995383912}.Release|Any CPU.ActiveCfg = Release|Any CPU
		{3FF46056-61F4-4CBF-8C7B-7D5995383912}.Release|Any CPU.Build.0 = Release|Any CPU
		{5CD8BCE1-8280-49C5-942A-528537E56294}.Debug|Any CPU.ActiveCfg = Debug|Any CPU
		{5CD8BCE1-8280-49C5-942A-528537E56294}.Debug|Any CPU.Build.0 = Debug|Any CPU
		{5CD8BCE1-8280-49C5-942A-528537E56294}.Release|Any CPU.ActiveCfg = Release|Any CPU
		{5CD8BCE1-8280-49C5-942A-528537E56294}.Release|Any CPU.Build.0 = Release|Any CPU
		{60C5FF4E-0976-4A35-AE43-0E936318F92F}.Debug|Any CPU.ActiveCfg = Debug|Any CPU
		{60C5FF4E-0976-4A35-AE43-0E936318F92F}.Debug|Any CPU.Build.0 = Debug|Any CPU
		{60C5FF4E-0976-4A35-AE43-0E936318F92F}.Release|Any CPU.ActiveCfg = Release|Any CPU
		{60C5FF4E-0976-4A35-AE43-0E936318F92F}.Release|Any CPU.Build.0 = Release|Any CPU
		{F11EED4C-B8EE-4E10-BEEA-E3B61011CD84}.Debug|Any CPU.ActiveCfg = Debug|Any CPU
		{F11EED4C-B8EE-4E10-BEEA-E3B61011CD84}.Debug|Any CPU.Build.0 = Debug|Any CPU
		{F11EED4C-B8EE-4E10-BEEA-E3B61011CD84}.Release|Any CPU.ActiveCfg = Release|Any CPU
		{F11EED4C-B8EE-4E10-BEEA-E3B61011CD84}.Release|Any CPU.Build.0 = Release|Any CPU
		{024C302A-B203-469D-8A63-89F367E27D66}.Debug|Any CPU.ActiveCfg = Debug|Any CPU
		{024C302A-B203-469D-8A63-89F367E27D66}.Debug|Any CPU.Build.0 = Debug|Any CPU
		{024C302A-B203-469D-8A63-89F367E27D66}.Release|Any CPU.ActiveCfg = Release|Any CPU
		{024C302A-B203-469D-8A63-89F367E27D66}.Release|Any CPU.Build.0 = Release|Any CPU
		{E00AB2E5-2CE7-4B13-A51E-0F252F666545}.Debug|Any CPU.ActiveCfg = Debug|Any CPU
		{E00AB2E5-2CE7-4B13-A51E-0F252F666545}.Debug|Any CPU.Build.0 = Debug|Any CPU
		{E00AB2E5-2CE7-4B13-A51E-0F252F666545}.Release|Any CPU.ActiveCfg = Release|Any CPU
		{E00AB2E5-2CE7-4B13-A51E-0F252F666545}.Release|Any CPU.Build.0 = Release|Any CPU
		{8115F9EC-ECFC-4A45-BFFE-66B9E92527DA}.Debug|Any CPU.ActiveCfg = Debug|Any CPU
		{8115F9EC-ECFC-4A45-BFFE-66B9E92527DA}.Debug|Any CPU.Build.0 = Debug|Any CPU
		{8115F9EC-ECFC-4A45-BFFE-66B9E92527DA}.Release|Any CPU.ActiveCfg = Release|Any CPU
		{8115F9EC-ECFC-4A45-BFFE-66B9E92527DA}.Release|Any CPU.Build.0 = Release|Any CPU
		{396A5045-12A4-414A-A92C-82E0EF0453C1}.Debug|Any CPU.ActiveCfg = Debug|Any CPU
		{396A5045-12A4-414A-A92C-82E0EF0453C1}.Debug|Any CPU.Build.0 = Debug|Any CPU
		{396A5045-12A4-414A-A92C-82E0EF0453C1}.Release|Any CPU.ActiveCfg = Release|Any CPU
		{396A5045-12A4-414A-A92C-82E0EF0453C1}.Release|Any CPU.Build.0 = Release|Any CPU
		{F8A5A9AD-F680-46F4-806F-653E7E51A030}.Debug|Any CPU.ActiveCfg = Debug|Any CPU
		{F8A5A9AD-F680-46F4-806F-653E7E51A030}.Debug|Any CPU.Build.0 = Debug|Any CPU
		{F8A5A9AD-F680-46F4-806F-653E7E51A030}.Release|Any CPU.ActiveCfg = Release|Any CPU
		{F8A5A9AD-F680-46F4-806F-653E7E51A030}.Release|Any CPU.Build.0 = Release|Any CPU
		{54BE9F00-9A2E-46A2-8EBB-46C8DB5E8A2E}.Debug|Any CPU.ActiveCfg = Debug|Any CPU
		{54BE9F00-9A2E-46A2-8EBB-46C8DB5E8A2E}.Debug|Any CPU.Build.0 = Debug|Any CPU
		{54BE9F00-9A2E-46A2-8EBB-46C8DB5E8A2E}.Release|Any CPU.ActiveCfg = Release|Any CPU
		{54BE9F00-9A2E-46A2-8EBB-46C8DB5E8A2E}.Release|Any CPU.Build.0 = Release|Any CPU
		{186A010D-DAE6-482D-8C24-5652BBDCAC5D}.Debug|Any CPU.ActiveCfg = Debug|Any CPU
		{186A010D-DAE6-482D-8C24-5652BBDCAC5D}.Debug|Any CPU.Build.0 = Debug|Any CPU
		{186A010D-DAE6-482D-8C24-5652BBDCAC5D}.Release|Any CPU.ActiveCfg = Release|Any CPU
		{186A010D-DAE6-482D-8C24-5652BBDCAC5D}.Release|Any CPU.Build.0 = Release|Any CPU
	EndGlobalSection
	GlobalSection(SolutionProperties) = preSolution
		HideSolutionNode = FALSE
	EndGlobalSection
	GlobalSection(NestedProjects) = preSolution
		{3FF46056-61F4-4CBF-8C7B-7D5995383912} = {39A67637-7506-41E2-99DE-24C36E04B0AF}
		{5CD8BCE1-8280-49C5-942A-528537E56294} = {7B5A1822-DE1D-4246-B81E-DDDA1213D670}
		{60C5FF4E-0976-4A35-AE43-0E936318F92F} = {A894577B-C2E5-45EB-BBAA-2A27A4E598F9}
		{F11EED4C-B8EE-4E10-BEEA-E3B61011CD84} = {A894577B-C2E5-45EB-BBAA-2A27A4E598F9}
		{024C302A-B203-469D-8A63-89F367E27D66} = {F893EE63-C109-4365-843E-9BC806720EEB}
		{E00AB2E5-2CE7-4B13-A51E-0F252F666545} = {F893EE63-C109-4365-843E-9BC806720EEB}
		{8115F9EC-ECFC-4A45-BFFE-66B9E92527DA} = {A894577B-C2E5-45EB-BBAA-2A27A4E598F9}
		{396A5045-12A4-414A-A92C-82E0EF0453C1} = {F893EE63-C109-4365-843E-9BC806720EEB}
		{F8A5A9AD-F680-46F4-806F-653E7E51A030} = {B595D1D6-415C-4607-B07C-B1F805706615}
		{54BE9F00-9A2E-46A2-8EBB-46C8DB5E8A2E} = {7B5A1822-DE1D-4246-B81E-DDDA1213D670}
		{186A010D-DAE6-482D-8C24-5652BBDCAC5D} = {7B5A1822-DE1D-4246-B81E-DDDA1213D670}
	EndGlobalSection
EndGlobal
